PODS:
  - Alamofire (4.6.0)
  - IQKeyboardManager (5.0.7)
  - LeoDanmakuKit (1.0.1)
  - LLSwitch (1.0.5)
  - Moya (11.0.0):
    - Moya/Core (= 11.0.0)
  - Moya/Core (11.0.0):
    - Alamofire (~> 4.1)
    - Result (~> 3.0)
  - PageMenu (2.0.0)
  - Result (3.2.4)
  - WZLBadge (1.2.6)

DEPENDENCIES:
  - IQKeyboardManager
  - LeoDanmakuKit
  - LLSwitch
  - Moya
  - PageMenu
  - WZLBadge

SPEC CHECKSUMS:
  Alamofire: f41a599bd63041760b26d393ec1069d9d7b917f4
  IQKeyboardManager: 0bfa4607d39924116b5c0c8b55b5d789288b5cba
  LeoDanmakuKit: d905bf4ba6c47c5e690796f2581e7934c22cdb83
  LLSwitch: d8b7098fd15f70099b989aa70d15aff8176578d5
  Moya: be29766339783963a70d1279d69c891ab3a1393c
  PageMenu: 9c38fd7e0d9ef4b1408320f55bb907bbc0e538dc
  Result: d2d07204ce72856f1fd9130bbe42c35a7b0fea10
  WZLBadge: 9ec779dcfd94c825518b395e8315fccaabff1bfa

PODFILE CHECKSUM: e42d05479961a05f90db0b4da642cc27cf25bb57

COCOAPODS: 1.4.0
