// !$*UTF8*$!
{
	archiveVersion = 1;
	classes = {
	};
	objectVersion = 46;
	objects = {

/* Begin PBXBuildFile section */
		A139FA4C666C6AA8174777A4 /* Pods_WxToutiao.framework in Frameworks */ = {isa = PBXBuildFile; fileRef = 78D4BAA35F1CE935D31A3A99 /* Pods_WxToutiao.framework */; };
		E4070D0C1ECFEFF900B9F641 /* AppDelegate.swift in Sources */ = {isa = PBXBuildFile; fileRef = E4070D0B1ECFEFF900B9F641 /* AppDelegate.swift */; };
		E4070D0E1ECFEFF900B9F641 /* ViewController.swift in Sources */ = {isa = PBXBuildFile; fileRef = E4070D0D1ECFEFF900B9F641 /* ViewController.swift */; };
		E4070D111ECFEFF900B9F641 /* Main.storyboard in Resources */ = {isa = PBXBuildFile; fileRef = E4070D0F1ECFEFF900B9F641 /* Main.storyboard */; };
		E4070D131ECFEFF900B9F641 /* Assets.xcassets in Resources */ = {isa = PBXBuildFile; fileRef = E4070D121ECFEFF900B9F641 /* Assets.xcassets */; };
		E4070D161ECFEFF900B9F641 /* LaunchScreen.storyboard in Resources */ = {isa = PBXBuildFile; fileRef = E4070D141ECFEFF900B9F641 /* LaunchScreen.storyboard */; };
		E4070D1E1ECFF16400B9F641 /* NetworkService.swift in Sources */ = {isa = PBXBuildFile; fileRef = E4070D1D1ECFF16400B9F641 /* NetworkService.swift */; };
		E4070D201ECFF78600B9F641 /* Category.swift in Sources */ = {isa = PBXBuildFile; fileRef = E4070D1F1ECFF78600B9F641 /* Category.swift */; };
		E409DADB1ED8285A003EFBD9 /* Post.swift in Sources */ = {isa = PBXBuildFile; fileRef = E409DADA1ED8285A003EFBD9 /* Post.swift */; };
		E47B48881ED2ACED00F1469A /* NewsListController.swift in Sources */ = {isa = PBXBuildFile; fileRef = E47B48871ED2ACED00F1469A /* NewsListController.swift */; };
		E47B488A1ED2B3AE00F1469A /* TextCell.swift in Sources */ = {isa = PBXBuildFile; fileRef = E47B48891ED2B3AE00F1469A /* TextCell.swift */; };
		E47B488C1ED2B5A400F1469A /* DetailController.swift in Sources */ = {isa = PBXBuildFile; fileRef = E47B488B1ED2B5A400F1469A /* DetailController.swift */; };
		E4A1AD5B1EE0826300EC27EF /* UIColorExtension.swift in Sources */ = {isa = PBXBuildFile; fileRef = E4A1AD5A1EE0826300EC27EF /* UIColorExtension.swift */; };
		E4A1AD5D1EE0850800EC27EF /* html2String.swift in Sources */ = {isa = PBXBuildFile; fileRef = E4A1AD5C1EE0850800EC27EF /* html2String.swift */; };
		E4A1AD5F1EE0944400EC27EF /* NotificationHelper.swift in Sources */ = {isa = PBXBuildFile; fileRef = E4A1AD5E1EE0944400EC27EF /* NotificationHelper.swift */; };
		E4A1AD611EE09E3A00EC27EF /* scroll.js in Resources */ = {isa = PBXBuildFile; fileRef = E4A1AD601EE09E3A00EC27EF /* scroll.js */; };
/* End PBXBuildFile section */

/* Begin PBXFileReference section */
		2519B094176235B1D0DBD2AC /* Pods-WxToutiao.debug.xcconfig */ = {isa = PBXFileReference; includeInIndex = 1; lastKnownFileType = text.xcconfig; name = "Pods-WxToutiao.debug.xcconfig"; path = "Pods/Target Support Files/Pods-WxToutiao/Pods-WxToutiao.debug.xcconfig"; sourceTree = "<group>"; };
		78D4BAA35F1CE935D31A3A99 /* Pods_WxToutiao.framework */ = {isa = PBXFileReference; explicitFileType = wrapper.framework; includeInIndex = 0; path = Pods_WxToutiao.framework; sourceTree = BUILT_PRODUCTS_DIR; };
		E4070D081ECFEFF900B9F641 /* WxToutiao.app */ = {isa = PBXFileReference; explicitFileType = wrapper.application; includeInIndex = 0; path = WxToutiao.app; sourceTree = BUILT_PRODUCTS_DIR; };
		E4070D0B1ECFEFF900B9F641 /* AppDelegate.swift */ = {isa = PBXFileReference; lastKnownFileType = sourcecode.swift; path = AppDelegate.swift; sourceTree = "<group>"; };
		E4070D0D1ECFEFF900B9F641 /* ViewController.swift */ = {isa = PBXFileReference; lastKnownFileType = sourcecode.swift; path = ViewController.swift; sourceTree = "<group>"; };
		E4070D101ECFEFF900B9F641 /* Base */ = {isa = PBXFileReference; lastKnownFileType = file.storyboard; name = Base; path = Base.lproj/Main.storyboard; sourceTree = "<group>"; };
		E4070D121ECFEFF900B9F641 /* Assets.xcassets */ = {isa = PBXFileReference; lastKnownFileType = folder.assetcatalog; path = Assets.xcassets; sourceTree = "<group>"; };
		E4070D151ECFEFF900B9F641 /* Base */ = {isa = PBXFileReference; lastKnownFileType = file.storyboard; name = Base; path = Base.lproj/LaunchScreen.storyboard; sourceTree = "<group>"; };
		E4070D171ECFEFF900B9F641 /* Info.plist */ = {isa = PBXFileReference; lastKnownFileType = text.plist.xml; path = Info.plist; sourceTree = "<group>"; };
		E4070D1D1ECFF16400B9F641 /* NetworkService.swift */ = {isa = PBXFileReference; fileEncoding = 4; lastKnownFileType = sourcecode.swift; path = NetworkService.swift; sourceTree = "<group>"; };
		E4070D1F1ECFF78600B9F641 /* Category.swift */ = {isa = PBXFileReference; fileEncoding = 4; lastKnownFileType = sourcecode.swift; path = Category.swift; sourceTree = "<group>"; };
		E409DADA1ED8285A003EFBD9 /* Post.swift */ = {isa = PBXFileReference; fileEncoding = 4; lastKnownFileType = sourcecode.swift; path = Post.swift; sourceTree = "<group>"; };
		E47B48871ED2ACED00F1469A /* NewsListController.swift */ = {isa = PBXFileReference; fileEncoding = 4; lastKnownFileType = sourcecode.swift; path = NewsListController.swift; sourceTree = "<group>"; };
		E47B48891ED2B3AE00F1469A /* TextCell.swift */ = {isa = PBXFileReference; fileEncoding = 4; lastKnownFileType = sourcecode.swift; path = TextCell.swift; sourceTree = "<group>"; };
		E47B488B1ED2B5A400F1469A /* DetailController.swift */ = {isa = PBXFileReference; fileEncoding = 4; lastKnownFileType = sourcecode.swift; path = DetailController.swift; sourceTree = "<group>"; };
		E4A1AD571EE07FAA00EC27EF /* WxToutiao-Bridging-Header.h */ = {isa = PBXFileReference; lastKnownFileType = sourcecode.c.h; path = "WxToutiao-Bridging-Header.h"; sourceTree = "<group>"; };
		E4A1AD5A1EE0826300EC27EF /* UIColorExtension.swift */ = {isa = PBXFileReference; fileEncoding = 4; lastKnownFileType = sourcecode.swift; path = UIColorExtension.swift; sourceTree = "<group>"; };
		E4A1AD5C1EE0850800EC27EF /* html2String.swift */ = {isa = PBXFileReference; fileEncoding = 4; lastKnownFileType = sourcecode.swift; path = html2String.swift; sourceTree = "<group>"; };
		E4A1AD5E1EE0944400EC27EF /* NotificationHelper.swift */ = {isa = PBXFileReference; fileEncoding = 4; lastKnownFileType = sourcecode.swift; path = NotificationHelper.swift; sourceTree = "<group>"; };
		E4A1AD601EE09E3A00EC27EF /* scroll.js */ = {isa = PBXFileReference; fileEncoding = 4; lastKnownFileType = sourcecode.javascript; path = scroll.js; sourceTree = "<group>"; };
		E9C48693417E452505FD2452 /* Pods-WxToutiao.release.xcconfig */ = {isa = PBXFileReference; includeInIndex = 1; lastKnownFileType = text.xcconfig; name = "Pods-WxToutiao.release.xcconfig"; path = "Pods/Target Support Files/Pods-WxToutiao/Pods-WxToutiao.release.xcconfig"; sourceTree = "<group>"; };
/* End PBXFileReference section */

/* Begin PBXFrameworksBuildPhase section */
		E4070D051ECFEFF900B9F641 /* Frameworks */ = {
			isa = PBXFrameworksBuildPhase;
			buildActionMask = 2147483647;
			files = (
				A139FA4C666C6AA8174777A4 /* Pods_WxToutiao.framework in Frameworks */,
			);
			runOnlyForDeploymentPostprocessing = 0;
		};
/* End PBXFrameworksBuildPhase section */

/* Begin PBXGroup section */
		26719329393CE5BF6A1DC0E2 /* Pods */ = {
			isa = PBXGroup;
			children = (
				2519B094176235B1D0DBD2AC /* Pods-WxToutiao.debug.xcconfig */,
				E9C48693417E452505FD2452 /* Pods-WxToutiao.release.xcconfig */,
			);
			name = Pods;
			sourceTree = "<group>";
		};
		A908D0B5FA7979CE8B8ADD13 /* Frameworks */ = {
			isa = PBXGroup;
			children = (
				78D4BAA35F1CE935D31A3A99 /* Pods_WxToutiao.framework */,
			);
			name = Frameworks;
			sourceTree = "<group>";
		};
		E4070CFF1ECFEFF900B9F641 = {
			isa = PBXGroup;
			children = (
				E4070D0A1ECFEFF900B9F641 /* WxToutiao */,
				E4070D091ECFEFF900B9F641 /* Products */,
				26719329393CE5BF6A1DC0E2 /* Pods */,
				A908D0B5FA7979CE8B8ADD13 /* Frameworks */,
			);
			sourceTree = "<group>";
		};
		E4070D091ECFEFF900B9F641 /* Products */ = {
			isa = PBXGroup;
			children = (
				E4070D081ECFEFF900B9F641 /* WxToutiao.app */,
			);
			name = Products;
			sourceTree = "<group>";
		};
		E4070D0A1ECFEFF900B9F641 /* WxToutiao */ = {
			isa = PBXGroup;
			children = (
				E4070D0B1ECFEFF900B9F641 /* AppDelegate.swift */,
				E4070D0D1ECFEFF900B9F641 /* ViewController.swift */,
				E4070D1F1ECFF78600B9F641 /* Category.swift */,
				E409DADA1ED8285A003EFBD9 /* Post.swift */,
				E4070D1D1ECFF16400B9F641 /* NetworkService.swift */,
				E4070D0F1ECFEFF900B9F641 /* Main.storyboard */,
				E4A1AD5C1EE0850800EC27EF /* html2String.swift */,
				E4A1AD5A1EE0826300EC27EF /* UIColorExtension.swift */,
				E47B488B1ED2B5A400F1469A /* DetailController.swift */,
				E4A1AD601EE09E3A00EC27EF /* scroll.js */,
				E47B48891ED2B3AE00F1469A /* TextCell.swift */,
				E47B48871ED2ACED00F1469A /* NewsListController.swift */,
				E4A1AD5E1EE0944400EC27EF /* NotificationHelper.swift */,
				E4070D121ECFEFF900B9F641 /* Assets.xcassets */,
				E4070D141ECFEFF900B9F641 /* LaunchScreen.storyboard */,
				E4070D171ECFEFF900B9F641 /* Info.plist */,
				E4A1AD571EE07FAA00EC27EF /* WxToutiao-Bridging-Header.h */,
			);
			path = WxToutiao;
			sourceTree = "<group>";
		};
/* End PBXGroup section */

/* Begin PBXNativeTarget section */
		E4070D071ECFEFF900B9F641 /* WxToutiao */ = {
			isa = PBXNativeTarget;
			buildConfigurationList = E4070D1A1ECFEFF900B9F641 /* Build configuration list for PBXNativeTarget "WxToutiao" */;
			buildPhases = (
				5099EE072E05BB2A44ECC91F /* [CP] Check Pods Manifest.lock */,
				E4070D041ECFEFF900B9F641 /* Sources */,
				E4070D051ECFEFF900B9F641 /* Frameworks */,
				E4070D061ECFEFF900B9F641 /* Resources */,
				E88700FAD636FBA2AC6C5141 /* [CP] Embed Pods Frameworks */,
				8AF0DC13DF77A49A7D66645D /* [CP] Copy Pods Resources */,
			);
			buildRules = (
			);
			dependencies = (
			);
			name = WxToutiao;
			productName = WxToutiao;
			productReference = E4070D081ECFEFF900B9F641 /* WxToutiao.app */;
			productType = "com.apple.product-type.application";
		};
/* End PBXNativeTarget section */

/* Begin PBXProject section */
		E4070D001ECFEFF900B9F641 /* Project object */ = {
			isa = PBXProject;
			attributes = {
				LastSwiftUpdateCheck = 0830;
				LastUpgradeCheck = 0830;
				ORGANIZATIONNAME = yons;
				TargetAttributes = {
					E4070D071ECFEFF900B9F641 = {
						CreatedOnToolsVersion = 8.3.2;
						LastSwiftMigration = 0830;
						ProvisioningStyle = Automatic;
					};
				};
			};
			buildConfigurationList = E4070D031ECFEFF900B9F641 /* Build configuration list for PBXProject "WxToutiao" */;
			compatibilityVersion = "Xcode 3.2";
			developmentRegion = English;
			hasScannedForEncodings = 0;
			knownRegions = (
				en,
				Base,
			);
			mainGroup = E4070CFF1ECFEFF900B9F641;
			productRefGroup = E4070D091ECFEFF900B9F641 /* Products */;
			projectDirPath = "";
			projectRoot = "";
			targets = (
				E4070D071ECFEFF900B9F641 /* WxToutiao */,
			);
		};
/* End PBXProject section */

/* Begin PBXResourcesBuildPhase section */
		E4070D061ECFEFF900B9F641 /* Resources */ = {
			isa = PBXResourcesBuildPhase;
			buildActionMask = 2147483647;
			files = (
				E4070D161ECFEFF900B9F641 /* LaunchScreen.storyboard in Resources */,
				E4070D131ECFEFF900B9F641 /* Assets.xcassets in Resources */,
				E4070D111ECFEFF900B9F641 /* Main.storyboard in Resources */,
				E4A1AD611EE09E3A00EC27EF /* scroll.js in Resources */,
			);
			runOnlyForDeploymentPostprocessing = 0;
		};
/* End PBXResourcesBuildPhase section */

/* Begin PBXShellScriptBuildPhase section */
		5099EE072E05BB2A44ECC91F /* [CP] Check Pods Manifest.lock */ = {
			isa = PBXShellScriptBuildPhase;
			buildActionMask = 2147483647;
			files = (
			);
			inputPaths = (
			);
			name = "[CP] Check Pods Manifest.lock";
			outputPaths = (
			);
			runOnlyForDeploymentPostprocessing = 0;
			shellPath = /bin/sh;
			shellScript = "diff \"${PODS_PODFILE_DIR_PATH}/Podfile.lock\" \"${PODS_ROOT}/Manifest.lock\" > /dev/null\nif [ $? != 0 ] ; then\n    # print error to STDERR\n    echo \"error: The sandbox is not in sync with the Podfile.lock. Run 'pod install' or update your CocoaPods installation.\" >&2\n    exit 1\nfi\n";
			showEnvVarsInLog = 0;
		};
		8AF0DC13DF77A49A7D66645D /* [CP] Copy Pods Resources */ = {
			isa = PBXShellScriptBuildPhase;
			buildActionMask = 2147483647;
			files = (
			);
			inputPaths = (
			);
			name = "[CP] Copy Pods Resources";
			outputPaths = (
			);
			runOnlyForDeploymentPostprocessing = 0;
			shellPath = /bin/sh;
			shellScript = "\"${SRCROOT}/Pods/Target Support Files/Pods-WxToutiao/Pods-WxToutiao-resources.sh\"\n";
			showEnvVarsInLog = 0;
		};
		E88700FAD636FBA2AC6C5141 /* [CP] Embed Pods Frameworks */ = {
			isa = PBXShellScriptBuildPhase;
			buildActionMask = 2147483647;
			files = (
			);
			inputPaths = (
			);
			name = "[CP] Embed Pods Frameworks";
			outputPaths = (
			);
			runOnlyForDeploymentPostprocessing = 0;
			shellPath = /bin/sh;
			shellScript = "\"${SRCROOT}/Pods/Target Support Files/Pods-WxToutiao/Pods-WxToutiao-frameworks.sh\"\n";
			showEnvVarsInLog = 0;
		};
/* End PBXShellScriptBuildPhase section */

/* Begin PBXSourcesBuildPhase section */
		E4070D041ECFEFF900B9F641 /* Sources */ = {
			isa = PBXSourcesBuildPhase;
			buildActionMask = 2147483647;
			files = (
				E4070D0E1ECFEFF900B9F641 /* ViewController.swift in Sources */,
				E47B488C1ED2B5A400F1469A /* DetailController.swift in Sources */,
				E4A1AD5D1EE0850800EC27EF /* html2String.swift in Sources */,
				E4070D1E1ECFF16400B9F641 /* NetworkService.swift in Sources */,
				E409DADB1ED8285A003EFBD9 /* Post.swift in Sources */,
				E4070D0C1ECFEFF900B9F641 /* AppDelegate.swift in Sources */,
				E4A1AD5B1EE0826300EC27EF /* UIColorExtension.swift in Sources */,
				E4070D201ECFF78600B9F641 /* Category.swift in Sources */,
				E47B488A1ED2B3AE00F1469A /* TextCell.swift in Sources */,
				E47B48881ED2ACED00F1469A /* NewsListController.swift in Sources */,
				E4A1AD5F1EE0944400EC27EF /* NotificationHelper.swift in Sources */,
			);
			runOnlyForDeploymentPostprocessing = 0;
		};
/* End PBXSourcesBuildPhase section */

/* Begin PBXVariantGroup section */
		E4070D0F1ECFEFF900B9F641 /* Main.storyboard */ = {
			isa = PBXVariantGroup;
			children = (
				E4070D101ECFEFF900B9F641 /* Base */,
			);
			name = Main.storyboard;
			sourceTree = "<group>";
		};
		E4070D141ECFEFF900B9F641 /* LaunchScreen.storyboard */ = {
			isa = PBXVariantGroup;
			children = (
				E4070D151ECFEFF900B9F641 /* Base */,
			);
			name = LaunchScreen.storyboard;
			sourceTree = "<group>";
		};
/* End PBXVariantGroup section */

/* Begin XCBuildConfiguration section */
		E4070D181ECFEFF900B9F641 /* Debug */ = {
			isa = XCBuildConfiguration;
			buildSettings = {
				ALWAYS_SEARCH_USER_PATHS = NO;
				CLANG_ANALYZER_NONNULL = YES;
				CLANG_ANALYZER_NUMBER_OBJECT_CONVERSION = YES_AGGRESSIVE;
				CLANG_CXX_LANGUAGE_STANDARD = "gnu++0x";
				CLANG_CXX_LIBRARY = "libc++";
				CLANG_ENABLE_MODULES = YES;
				CLANG_ENABLE_OBJC_ARC = YES;
				CLANG_WARN_BOOL_CONVERSION = YES;
				CLANG_WARN_CONSTANT_CONVERSION = YES;
				CLANG_WARN_DIRECT_OBJC_ISA_USAGE = YES_ERROR;
				CLANG_WARN_DOCUMENTATION_COMMENTS = YES;
				CLANG_WARN_EMPTY_BODY = YES;
				CLANG_WARN_ENUM_CONVERSION = YES;
				CLANG_WARN_INFINITE_RECURSION = YES;
				CLANG_WARN_INT_CONVERSION = YES;
				CLANG_WARN_OBJC_ROOT_CLASS = YES_ERROR;
				CLANG_WARN_SUSPICIOUS_MOVE = YES;
				CLANG_WARN_UNREACHABLE_CODE = YES;
				CLANG_WARN__DUPLICATE_METHOD_MATCH = YES;
				"CODE_SIGN_IDENTITY[sdk=iphoneos*]" = "iPhone Developer";
				COPY_PHASE_STRIP = NO;
				DEBUG_INFORMATION_FORMAT = dwarf;
				ENABLE_STRICT_OBJC_MSGSEND = YES;
				ENABLE_TESTABILITY = YES;
				GCC_C_LANGUAGE_STANDARD = gnu99;
				GCC_DYNAMIC_NO_PIC = NO;
				GCC_NO_COMMON_BLOCKS = YES;
				GCC_OPTIMIZATION_LEVEL = 0;
				GCC_PREPROCESSOR_DEFINITIONS = (
					"DEBUG=1",
					"$(inherited)",
				);
				GCC_WARN_64_TO_32_BIT_CONVERSION = YES;
				GCC_WARN_ABOUT_RETURN_TYPE = YES_ERROR;
				GCC_WARN_UNDECLARED_SELECTOR = YES;
				GCC_WARN_UNINITIALIZED_AUTOS = YES_AGGRESSIVE;
				GCC_WARN_UNUSED_FUNCTION = YES;
				GCC_WARN_UNUSED_VARIABLE = YES;
				IPHONEOS_DEPLOYMENT_TARGET = 10.3;
				MTL_ENABLE_DEBUG_INFO = YES;
				ONLY_ACTIVE_ARCH = YES;
				SDKROOT = iphoneos;
				SWIFT_ACTIVE_COMPILATION_CONDITIONS = DEBUG;
				SWIFT_OPTIMIZATION_LEVEL = "-Onone";
			};
			name = Debug;
		};
		E4070D191ECFEFF900B9F641 /* Release */ = {
			isa = XCBuildConfiguration;
			buildSettings = {
				ALWAYS_SEARCH_USER_PATHS = NO;
				CLANG_ANALYZER_NONNULL = YES;
				CLANG_ANALYZER_NUMBER_OBJECT_CONVERSION = YES_AGGRESSIVE;
				CLANG_CXX_LANGUAGE_STANDARD = "gnu++0x";
				CLANG_CXX_LIBRARY = "libc++";
				CLANG_ENABLE_MODULES = YES;
				CLANG_ENABLE_OBJC_ARC = YES;
				CLANG_WARN_BOOL_CONVERSION = YES;
				CLANG_WARN_CONSTANT_CONVERSION = YES;
				CLANG_WARN_DIRECT_OBJC_ISA_USAGE = YES_ERROR;
				CLANG_WARN_DOCUMENTATION_COMMENTS = YES;
				CLANG_WARN_EMPTY_BODY = YES;
				CLANG_WARN_ENUM_CONVERSION = YES;
				CLANG_WARN_INFINITE_RECURSION = YES;
				CLANG_WARN_INT_CONVERSION = YES;
				CLANG_WARN_OBJC_ROOT_CLASS = YES_ERROR;
				CLANG_WARN_SUSPICIOUS_MOVE = YES;
				CLANG_WARN_UNREACHABLE_CODE = YES;
				CLANG_WARN__DUPLICATE_METHOD_MATCH = YES;
				"CODE_SIGN_IDENTITY[sdk=iphoneos*]" = "iPhone Developer";
				COPY_PHASE_STRIP = NO;
				DEBUG_INFORMATION_FORMAT = "dwarf-with-dsym";
				ENABLE_NS_ASSERTIONS = NO;
				ENABLE_STRICT_OBJC_MSGSEND = YES;
				GCC_C_LANGUAGE_STANDARD = gnu99;
				GCC_NO_COMMON_BLOCKS = YES;
				GCC_WARN_64_TO_32_BIT_CONVERSION = YES;
				GCC_WARN_ABOUT_RETURN_TYPE = YES_ERROR;
				GCC_WARN_UNDECLARED_SELECTOR = YES;
				GCC_WARN_UNINITIALIZED_AUTOS = YES_AGGRESSIVE;
				GCC_WARN_UNUSED_FUNCTION = YES;
				GCC_WARN_UNUSED_VARIABLE = YES;
				IPHONEOS_DEPLOYMENT_TARGET = 10.3;
				MTL_ENABLE_DEBUG_INFO = NO;
				SDKROOT = iphoneos;
				SWIFT_OPTIMIZATION_LEVEL = "-Owholemodule";
				VALIDATE_PRODUCT = YES;
			};
			name = Release;
		};
		E4070D1B1ECFEFF900B9F641 /* Debug */ = {
			isa = XCBuildConfiguration;
			baseConfigurationReference = 2519B094176235B1D0DBD2AC /* Pods-WxToutiao.debug.xcconfig */;
			buildSettings = {
				ASSETCATALOG_COMPILER_APPICON_NAME = AppIcon;
				CLANG_ENABLE_MODULES = YES;
				INFOPLIST_FILE = WxToutiao/Info.plist;
				LD_RUNPATH_SEARCH_PATHS = "$(inherited) @executable_path/Frameworks";
				PRODUCT_BUNDLE_IDENTIFIER = com.xiaoboswift.WxToutiao;
				PRODUCT_NAME = "$(TARGET_NAME)";
				SWIFT_OBJC_BRIDGING_HEADER = "WxToutiao/WxToutiao-Bridging-Header.h";
				SWIFT_OPTIMIZATION_LEVEL = "-Onone";
				SWIFT_VERSION = 3.0;
			};
			name = Debug;
		};
		E4070D1C1ECFEFF900B9F641 /* Release */ = {
			isa = XCBuildConfiguration;
			baseConfigurationReference = E9C48693417E452505FD2452 /* Pods-WxToutiao.release.xcconfig */;
			buildSettings = {
				ASSETCATALOG_COMPILER_APPICON_NAME = AppIcon;
				CLANG_ENABLE_MODULES = YES;
				INFOPLIST_FILE = WxToutiao/Info.plist;
				LD_RUNPATH_SEARCH_PATHS = "$(inherited) @executable_path/Frameworks";
				PRODUCT_BUNDLE_IDENTIFIER = com.xiaoboswift.WxToutiao;
				PRODUCT_NAME = "$(TARGET_NAME)";
				SWIFT_OBJC_BRIDGING_HEADER = "WxToutiao/WxToutiao-Bridging-Header.h";
				SWIFT_VERSION = 3.0;
			};
			name = Release;
		};
/* End XCBuildConfiguration section */

/* Begin XCConfigurationList section */
		E4070D031ECFEFF900B9F641 /* Build configuration list for PBXProject "WxToutiao" */ = {
			isa = XCConfigurationList;
			buildConfigurations = (
				E4070D181ECFEFF900B9F641 /* Debug */,
				E4070D191ECFEFF900B9F641 /* Release */,
			);
			defaultConfigurationIsVisible = 0;
			defaultConfigurationName = Release;
		};
		E4070D1A1ECFEFF900B9F641 /* Build configuration list for PBXNativeTarget "WxToutiao" */ = {
			isa = XCConfigurationList;
			buildConfigurations = (
				E4070D1B1ECFEFF900B9F641 /* Debug */,
				E4070D1C1ECFEFF900B9F641 /* Release */,
			);
			defaultConfigurationIsVisible = 0;
			defaultConfigurationName = Release;
		};
/* End XCConfigurationList section */
	};
	rootObject = E4070D001ECFEFF900B9F641 /* Project object */;
}
